---
path: ".gem_rbs_collection"
gems:
- name: addressable
  version: '2.8'
  source:
    type: git
    name: ruby/gem_rbs_collection
    revision: 9c796e74a7e9cf212b9a089ae90e23933ccfc50a
    remote: https://github.com/ruby/gem_rbs_collection.git
    repo_dir: gems
- name: bigdecimal
  version: '4.0'
  source:
    type: git
    name: ruby/gem_rbs_collection
    revision: 9c796e74a7e9cf212b9a089ae90e23933ccfc50a
    remote: https://github.com/ruby/gem_rbs_collection.git
    repo_dir: gems
- name: cgi
  version: '0.5'
  source:
    type: git
    name: ruby/gem_rbs_collection
    revision: 9c796e74a7e9cf212b9a089ae90e23933ccfc50a
    remote: https://github.com/ruby/gem_rbs_collection.git
    repo_dir: gems
- name: delegate
  version: '0'
  source:
    type: stdlib
- name: ffi
  version: 1.17.3
  source:
    type: rubygems
- name: fileutils
  version: '0'
  source:
    type: stdlib
- name: forwardable
  version: '0'
  source:
    type: stdlib
- name: hashdiff
  version: '1.1'
  source:
    type: git
    name: ruby/gem_rbs_collection
    revision: 9c796e74a7e9cf212b9a089ae90e23933ccfc50a
    remote: https://github.com/ruby/gem_rbs_collection.git
    repo_dir: gems
- name: http
  version: '5.1'
  source:
    type: git
    name: ruby/gem_rbs_collection
    revision: 9c796e74a7e9cf212b9a089ae90e23933ccfc50a
    remote: https://github.com/ruby/gem_rbs_collection.git
    repo_dir: gems
- name: io-console
  version: '0'
  source:
    type: stdlib
- name: minitest
  version: '5.25'
  source:
    type: git
    name: ruby/gem_rbs_collection
    revision: 9c796e74a7e9cf212b9a089ae90e23933ccfc50a
    remote: https://github.com/ruby/gem_rbs_collection.git
    repo_dir: gems
- name: pp
  version: '0'
  source:
    type: stdlib
- name: prettyprint
  version: '0'
  source:
    type: stdlib
- name: prism
  version: 1.9.0
  source:
    type: rubygems
- name: rake
  version: '13.0'
  source:
    type: git
    name: ruby/gem_rbs_collection
    revision: 9c796e74a7e9cf212b9a089ae90e23933ccfc50a
    remote: https://github.com/ruby/gem_rbs_collection.git
    repo_dir: gems
- name: rdoc
  version: '0'
  source:
    type: stdlib
- name: stringio
  version: '0'
  source:
    type: stdlib
- name: tempfile
  version: '0'
  source:
    type: stdlib
- name: webmock
  version: '3.19'
  source:
    type: git
    name: ruby/gem_rbs_collection
    revision: 9c796e74a7e9cf212b9a089ae90e23933ccfc50a
    remote: https://github.com/ruby/gem_rbs_collection.git
    repo_dir: gems
gemfile_lock_path: Gemfile.lock
